
Microsoft Visual Studio Solution File, Format Version 12.00
# Visual Studio Version 17
VisualStudioVersion = 17.6.33801.468
MinimumVisualStudioVersion = 10.0.40219.1
Project("{FAE04EC0-301F-11D3-BF4B-00C04F79EFBC}") = "Login_Registration_NetCoreWebApi", "Login_Registration_NetCoreWebApi.csproj", "{8E448A1E-F334-4696-BB1A-370CA086DF55}"
EndProject
Global
	GlobalSection(SolutionConfigurationPlatforms) = preSolution
		Debug|Any CPU = Debug|Any CPU
		Release|Any CPU = Release|Any CPU
	EndGlobalSection
	GlobalSection(ProjectConfigurationPlatforms) = postSolution
		{8E448A1E-F334-4696-BB1A-370CA086DF55}.Debug|Any CPU.ActiveCfg = Debug|Any CPU
		{8E448A1E-F334-4696-BB1A-370CA086DF55}.Debug|Any CPU.Build.0 = Debug|Any CPU
		{8E448A1E-F334-4696-BB1A-370CA086DF55}.Release|Any CPU.ActiveCfg = Release|Any CPU
		{8E448A1E-F334-4696-BB1A-370CA086DF55}.Release|Any CPU.Build.0 = Release|Any CPU
	EndGlobalSection
	GlobalSection(SolutionProperties) = preSolution
		HideSolutionNode = FALSE
	EndGlobalSection
	GlobalSection(ExtensibilityGlobals) = postSolution
		SolutionGuid = {C68DBFC5-CCE1-44A1-A161-852D1BECFBF5}
	EndGlobalSection
EndGlobal
